// !$*UTF8*$!
{
	archiveVersion = 1;
	classes = {
	};
	objectVersion = 46;
	objects = {

/* Begin PBXBuildFile section */
		8DD9EB3F1D2C494D00FCDDB8 /* AppDelegate.swift in Sources */ = {isa = PBXBuildFile; fileRef = 8DD9EB3E1D2C494D00FCDDB8 /* AppDelegate.swift */; };
		8DD9EB411D2C494D00FCDDB8 /* ViewController.swift in Sources */ = {isa = PBXBuildFile; fileRef = 8DD9EB401D2C494D00FCDDB8 /* ViewController.swift */; };
		8DD9EB441D2C494D00FCDDB8 /* Main.storyboard in Resources */ = {isa = PBXBuildFile; fileRef = 8DD9EB421D2C494D00FCDDB8 /* Main.storyboard */; };
		8DD9EB461D2C494D00FCDDB8 /* Assets.xcassets in Resources */ = {isa = PBXBuildFile; fileRef = 8DD9EB451D2C494D00FCDDB8 /* Assets.xcassets */; };
		8DD9EB491D2C494D00FCDDB8 /* LaunchScreen.storyboard in Resources */ = {isa = PBXBuildFile; fileRef = 8DD9EB471D2C494D00FCDDB8 /* LaunchScreen.storyboard */; };
/* End PBXBuildFile section */

/* Begin PBXFileReference section */
		8DD9EB3B1D2C494D00FCDDB8 /* MapIt.app */ = {isa = PBXFileReference; explicitFileType = wrapper.application; includeInIndex = 0; path = MapIt.app; sourceTree = BUILT_PRODUCTS_DIR; };
		8DD9EB3E1D2C494D00FCDDB8 /* AppDelegate.swift */ = {isa = PBXFileReference; lastKnownFileType = sourcecode.swift; path = AppDelegate.swift; sourceTree = "<group>"; };
		8DD9EB401D2C494D00FCDDB8 /* ViewController.swift */ = {isa = PBXFileReference; lastKnownFileType = sourcecode.swift; path = ViewController.swift; sourceTree = "<group>"; };
		8DD9EB431D2C494D00FCDDB8 /* Base */ = {isa = PBXFileReference; lastKnownFileType = file.storyboard; name = Base; path = Base.lproj/Main.storyboard; sourceTree = "<group>"; };
		8DD9EB451D2C494D00FCDDB8 /* Assets.xcassets */ = {isa = PBXFileReference; lastKnownFileType = folder.assetcatalog; path = Assets.xcassets; sourceTree = "<group>"; };
		8DD9EB481D2C494D00FCDDB8 /* Base */ = {isa = PBXFileReference; lastKnownFileType = file.storyboard; name = Base; path = Base.lproj/LaunchScreen.storyboard; sourceTree = "<group>"; };
		8DD9EB4A1D2C494D00FCDDB8 /* Info.plist */ = {isa = PBXFileReference; lastKnownFileType = text.plist.xml; path = Info.plist; sourceTree = "<group>"; };
/* End PBXFileReference section */

/* Begin PBXFrameworksBuildPhase section */
		8DD9EB381D2C494D00FCDDB8 /* Frameworks */ = {
			isa = PBXFrameworksBuildPhase;
			buildActionMask = 2147483647;
			files = (
			);
			runOnlyForDeploymentPostprocessing = 0;
		};
/* End PBXFrameworksBuildPhase section */

/* Begin PBXGroup section */
		8DD9EB321D2C494D00FCDDB8 = {
			isa = PBXGroup;
			children = (
				8DD9EB3D1D2C494D00FCDDB8 /* MapIt */,
				8DD9EB3C1D2C494D00FCDDB8 /* Products */,
			);
			sourceTree = "<group>";
		};
		8DD9EB3C1D2C494D00FCDDB8 /* Products */ = {
			isa = PBXGroup;
			children = (
				8DD9EB3B1D2C494D00FCDDB8 /* MapIt.app */,
			);
			name = Products;
			sourceTree = "<group>";
		};
		8DD9EB3D1D2C494D00FCDDB8 /* MapIt */ = {
			isa = PBXGroup;
			children = (
				8DD9EB3E1D2C494D00FCDDB8 /* AppDelegate.swift */,
				8DD9EB401D2C494D00FCDDB8 /* ViewController.swift */,
				8DD9EB421D2C494D00FCDDB8 /* Main.storyboard */,
				8DD9EB451D2C494D00FCDDB8 /* Assets.xcassets */,
				8DD9EB471D2C494D00FCDDB8 /* LaunchScreen.storyboard */,
				8DD9EB4A1D2C494D00FCDDB8 /* Info.plist */,
			);
			path = MapIt;
			sourceTree = "<group>";
		};
/* End PBXGroup section */

/* Begin PBXNativeTarget section */
		8DD9EB3A1D2C494D00FCDDB8 /* MapIt */ = {
			isa = PBXNativeTarget;
			buildConfigurationList = 8DD9EB4D1D2C494D00FCDDB8 /* Build configuration list for PBXNativeTarget "MapIt" */;
			buildPhases = (
				8DD9EB371D2C494D00FCDDB8 /* Sources */,
				8DD9EB381D2C494D00FCDDB8 /* Frameworks */,
				8DD9EB391D2C494D00FCDDB8 /* Resources */,
			);
			buildRules = (
			);
			dependencies = (
			);
			name = MapIt;
			productName = MapIt;
			productReference = 8DD9EB3B1D2C494D00FCDDB8 /* MapIt.app */;
			productType = "com.apple.product-type.application";
		};
/* End PBXNativeTarget section */

/* Begin PBXProject section */
		8DD9EB331D2C494D00FCDDB8 /* Project object */ = {
			isa = PBXProject;
			attributes = {
				LastSwiftUpdateCheck = 0730;
				LastUpgradeCheck = 0730;
				ORGANIZATIONNAME = ms;
				TargetAttributes = {
					8DD9EB3A1D2C494D00FCDDB8 = {
						CreatedOnToolsVersion = 7.3.1;
					};
				};
			};
			buildConfigurationList = 8DD9EB361D2C494D00FCDDB8 /* Build configuration list for PBXProject "MapIt" */;
			compatibilityVersion = "Xcode 3.2";
			developmentRegion = English;
			hasScannedForEncodings = 0;
			knownRegions = (
				en,
				Base,
			);
			mainGroup = 8DD9EB321D2C494D00FCDDB8;
			productRefGroup = 8DD9EB3C1D2C494D00FCDDB8 /* Products */;
			projectDirPath = "";
			projectRoot = "";
			targets = (
				8DD9EB3A1D2C494D00FCDDB8 /* MapIt */,
			);
		};
/* End PBXProject section */

/* Begin PBXResourcesBuildPhase section */
		8DD9EB391D2C494D00FCDDB8 /* Resources */ = {
			isa = PBXResourcesBuildPhase;
			buildActionMask = 2147483647;
			files = (
				8DD9EB491D2C494D00FCDDB8 /* LaunchScreen.storyboard in Resources */,
				8DD9EB461D2C494D00FCDDB8 /* Assets.xcassets in Resources */,
				8DD9EB441D2C494D00FCDDB8 /* Main.storyboard in Resources */,
			);
			runOnlyForDeploymentPostprocessing = 0;
		};
/* End PBXResourcesBuildPhase section */

/* Begin PBXSourcesBuildPhase section */
		8DD9EB371D2C494D00FCDDB8 /* Sources */ = {
			isa = PBXSourcesBuildPhase;
			buildActionMask = 2147483647;
			files = (
				8DD9EB411D2C494D00FCDDB8 /* ViewController.swift in Sources */,
				8DD9EB3F1D2C494D00FCDDB8 /* AppDelegate.swift in Sources */,
			);
			runOnlyForDeploymentPostprocessing = 0;
		};
/* End PBXSourcesBuildPhase section */

/* Begin PBXVariantGroup section */
		8DD9EB421D2C494D00FCDDB8 /* Main.storyboard */ = {
			isa = PBXVariantGroup;
			children = (
				8DD9EB431D2C494D00FCDDB8 /* Base */,
			);
			name = Main.storyboard;
			sourceTree = "<group>";
		};
		8DD9EB471D2C494D00FCDDB8 /* LaunchScreen.storyboard */ = {
			isa = PBXVariantGroup;
			children = (
				8DD9EB481D2C494D00FCDDB8 /* Base */,
			);
			name = LaunchScreen.storyboard;
			sourceTree = "<group>";
		};
/* End PBXVariantGroup section */

/* Begin XCBuildConfiguration section */
		8DD9EB4B1D2C494D00FCDDB8 /* Debug */ = {
			isa = XCBuildConfiguration;
			buildSettings = {
				ALWAYS_SEARCH_USER_PATHS = NO;
				CLANG_ANALYZER_NONNULL = YES;
				CLANG_CXX_LANGUAGE_STANDARD = "gnu++0x";
				CLANG_CXX_LIBRARY = "libc++";
				CLANG_ENABLE_MODULES = YES;
				CLANG_ENABLE_OBJC_ARC = YES;
				CLANG_WARN_BOOL_CONVERSION = YES;
				CLANG_WARN_CONSTANT_CONVERSION = YES;
				CLANG_WARN_DIRECT_OBJC_ISA_USAGE = YES_ERROR;
				CLANG_WARN_EMPTY_BODY = YES;
				CLANG_WARN_ENUM_CONVERSION = YES;
				CLANG_WARN_INT_CONVERSION = YES;
				CLANG_WARN_OBJC_ROOT_CLASS = YES_ERROR;
				CLANG_WARN_UNREACHABLE_CODE = YES;
				CLANG_WARN__DUPLICATE_METHOD_MATCH = YES;
				"CODE_SIGN_IDENTITY[sdk=iphoneos*]" = "iPhone Developer";
				COPY_PHASE_STRIP = NO;
				DEBUG_INFORMATION_FORMAT = dwarf;
				ENABLE_STRICT_OBJC_MSGSEND = YES;
				ENABLE_TESTABILITY = YES;
				GCC_C_LANGUAGE_STANDARD = gnu99;
				GCC_DYNAMIC_NO_PIC = NO;
				GCC_NO_COMMON_BLOCKS = YES;
				GCC_OPTIMIZATION_LEVEL = 0;
				GCC_PREPROCESSOR_DEFINITIONS = (
					"DEBUG=1",
					"$(inherited)",
				);
				GCC_WARN_64_TO_32_BIT_CONVERSION = YES;
				GCC_WARN_ABOUT_RETURN_TYPE = YES_ERROR;
				GCC_WARN_UNDECLARED_SELECTOR = YES;
				GCC_WARN_UNINITIALIZED_AUTOS = YES_AGGRESSIVE;
				GCC_WARN_UNUSED_FUNCTION = YES;
				GCC_WARN_UNUSED_VARIABLE = YES;
				IPHONEOS_DEPLOYMENT_TARGET = 9.3;
				MTL_ENABLE_DEBUG_INFO = YES;
				ONLY_ACTIVE_ARCH = YES;
				SDKROOT = iphoneos;
				SWIFT_OPTIMIZATION_LEVEL = "-Onone";
			};
			name = Debug;
		};
		8DD9EB4C1D2C494D00FCDDB8 /* Release */ = {
			isa = XCBuildConfiguration;
			buildSettings = {
				ALWAYS_SEARCH_USER_PATHS = NO;
				CLANG_ANALYZER_NONNULL = YES;
				CLANG_CXX_LANGUAGE_STANDARD = "gnu++0x";
				CLANG_CXX_LIBRARY = "libc++";
				CLANG_ENABLE_MODULES = YES;
				CLANG_ENABLE_OBJC_ARC = YES;
				CLANG_WARN_BOOL_CONVERSION = YES;
				CLANG_WARN_CONSTANT_CONVERSION = YES;
				CLANG_WARN_DIRECT_OBJC_ISA_USAGE = YES_ERROR;
				CLANG_WARN_EMPTY_BODY = YES;
				CLANG_WARN_ENUM_CONVERSION = YES;
				CLANG_WARN_INT_CONVERSION = YES;
				CLANG_WARN_OBJC_ROOT_CLASS = YES_ERROR;
				CLANG_WARN_UNREACHABLE_CODE = YES;
				CLANG_WARN__DUPLICATE_METHOD_MATCH = YES;
				"CODE_SIGN_IDENTITY[sdk=iphoneos*]" = "iPhone Developer";
				COPY_PHASE_STRIP = NO;
				DEBUG_INFORMATION_FORMAT = "dwarf-with-dsym";
				ENABLE_NS_ASSERTIONS = NO;
				ENABLE_STRICT_OBJC_MSGSEND = YES;
				GCC_C_LANGUAGE_STANDARD = gnu99;
				GCC_NO_COMMON_BLOCKS = YES;
				GCC_WARN_64_TO_32_BIT_CONVERSION = YES;
				GCC_WARN_ABOUT_RETURN_TYPE = YES_ERROR;
				GCC_WARN_UNDECLARED_SELECTOR = YES;
				GCC_WARN_UNINITIALIZED_AUTOS = YES_AGGRESSIVE;
				GCC_WARN_UNUSED_FUNCTION = YES;
				GCC_WARN_UNUSED_VARIABLE = YES;
				IPHONEOS_DEPLOYMENT_TARGET = 9.3;
				MTL_ENABLE_DEBUG_INFO = NO;
				SDKROOT = iphoneos;
				VALIDATE_PRODUCT = YES;
			};
			name = Release;
		};
		8DD9EB4E1D2C494D00FCDDB8 /* Debug */ = {
			isa = XCBuildConfiguration;
			buildSettings = {
				ASSETCATALOG_COMPILER_APPICON_NAME = AppIcon;
				INFOPLIST_FILE = MapIt/Info.plist;
				LD_RUNPATH_SEARCH_PATHS = "$(inherited) @executable_path/Frameworks";
				PRODUCT_BUNDLE_IDENTIFIER = com.makeschool.MapIt;
				PRODUCT_NAME = "$(TARGET_NAME)";
			};
			name = Debug;
		};
		8DD9EB4F1D2C494D00FCDDB8 /* Release */ = {
			isa = XCBuildConfiguration;
			buildSettings = {
				ASSETCATALOG_COMPILER_APPICON_NAME = AppIcon;
				INFOPLIST_FILE = MapIt/Info.plist;
				LD_RUNPATH_SEARCH_PATHS = "$(inherited) @executable_path/Frameworks";
				PRODUCT_BUNDLE_IDENTIFIER = com.makeschool.MapIt;
				PRODUCT_NAME = "$(TARGET_NAME)";
			};
			name = Release;
		};
/* End XCBuildConfiguration section */

/* Begin XCConfigurationList section */
		8DD9EB361D2C494D00FCDDB8 /* Build configuration list for PBXProject "MapIt" */ = {
			isa = XCConfigurationList;
			buildConfigurations = (
				8DD9EB4B1D2C494D00FCDDB8 /* Debug */,
				8DD9EB4C1D2C494D00FCDDB8 /* Release */,
			);
			defaultConfigurationIsVisible = 0;
			defaultConfigurationName = Release;
		};
		8DD9EB4D1D2C494D00FCDDB8 /* Build configuration list for PBXNativeTarget "MapIt" */ = {
			isa = XCConfigurationList;
			buildConfigurations = (
				8DD9EB4E1D2C494D00FCDDB8 /* Debug */,
				8DD9EB4F1D2C494D00FCDDB8 /* Release */,
			);
			defaultConfigurationIsVisible = 0;
		};
/* End XCConfigurationList section */
	};
	rootObject = 8DD9EB331D2C494D00FCDDB8 /* Project object */;
}
